
Microsoft Visual Studio Solution File, Format Version 12.00
Project("{FAE04EC0-301F-11D3-BF4B-00C04F79EFBC}") = "DevIt.Service", "DevIt.Service\DevIt.Service.csproj", "{83E3A40A-72F0-45BE-9EAC-67410F49CD85}"
EndProject
Project("{FAE04EC0-301F-11D3-BF4B-00C04F79EFBC}") = "DevIt.Application", "DevIt.Application\DevIt.Application.csproj", "{A0DB37F8-807E-4763-B400-91899173A8F4}"
EndProject
Project("{FAE04EC0-301F-11D3-BF4B-00C04F79EFBC}") = "DevIt.Domain", "DevIt.Domain\DevIt.Domain.csproj", "{BBEA6B41-747C-4511-B0C6-152E130176FF}"
EndProject
Project("{FAE04EC0-301F-11D3-BF4B-00C04F79EFBC}") = "DevIt.Projekt.Adapter", "DevIt.Projekt.Adapter\DevIt.Projekt.Adapter.csproj", "{2CBE79FD-379E-484D-AA7E-346CAB39DE67}"
EndProject
Project("{FAE04EC0-301F-11D3-BF4B-00C04F79EFBC}") = "DevIt.Persistence", "DevIt.Persistence\DevIt.Persistence.csproj", "{325CC3CC-6C22-4464-9841-823F5C0607FA}"
EndProject
Project("{FAE04EC0-301F-11D3-BF4B-00C04F79EFBC}") = "DevIt.Repository", "DevIt.Repository\DevIt.Repository.csproj", "{E8B1A2DF-71A7-4BB5-B775-54618D2E9938}"
EndProject
Project("{FAE04EC0-301F-11D3-BF4B-00C04F79EFBC}") = "DevIt.Pbi.Adapter", "DevIt.Pbi.Adapter\DevIt.Pbi.Adapter.csproj", "{571F0E68-0CA7-42B2-BF30-D0F0558CD5CA}"
EndProject
Project("{2150E333-8FDC-42A3-9474-1A3956D46DE8}") = "Out", "Out", "{DC150107-920E-45B7-A2B0-39D42C831090}"
EndProject
Project("{2150E333-8FDC-42A3-9474-1A3956D46DE8}") = "In", "In", "{AE29AE47-0397-4F0C-9AD5-EF1177A0D06A}"
EndProject
Project("{FAE04EC0-301F-11D3-BF4B-00C04F79EFBC}") = "DevIt.Eintrag.Adapter", "DevIt.Eintrag.Adapter\DevIt.Eintrag.Adapter.csproj", "{BAB5FB02-0E50-4333-8E1F-FF196FC7E876}"
EndProject
Project("{FAE04EC0-301F-11D3-BF4B-00C04F79EFBC}") = "DevIt.IntegrationTests", "DevIt.IntegrationTests\DevIt.IntegrationTests.csproj", "{444855D7-6AF3-4A8A-91D2-5AAA038FABF0}"
EndProject
Project("{FAE04EC0-301F-11D3-BF4B-00C04F79EFBC}") = "DevIt.Abrechnung.Adapter", "DevIt.Abrechnung.Adapter\DevIt.Abrechnung.Adapter.csproj", "{28A70221-D5DE-42CF-8AD2-FA793F2D9353}"
EndProject
Project("{FAE04EC0-301F-11D3-BF4B-00C04F79EFBC}") = "DevIt.Moco.Service", "DevIt.Moco.Service\DevIt.Moco.Service.csproj", "{A8F1C79C-A6A3-4258-83B9-811F0A2E2C59}"
EndProject
Project("{FAE04EC0-301F-11D3-BF4B-00C04F79EFBC}") = "DevIt.Moco.Adapter", "DevIt.Moco.Adapter\DevIt.Moco.Adapter.csproj", "{1926B4CE-FF4F-4C43-B4D8-BF78836E1ED9}"
EndProject
Project("{FAE04EC0-301F-11D3-BF4B-00C04F79EFBC}") = "Dude.Shared", "Dude.Shared\Dude.Shared.csproj", "{8A8AF257-5512-4DCA-824D-6502774DE1BF}"
EndProject
Global
	GlobalSection(SolutionConfigurationPlatforms) = preSolution
		Debug|Any CPU = Debug|Any CPU
		Release|Any CPU = Release|Any CPU
	EndGlobalSection
	GlobalSection(ProjectConfigurationPlatforms) = postSolution
		{83E3A40A-72F0-45BE-9EAC-67410F49CD85}.Debug|Any CPU.ActiveCfg = Debug|Any CPU
		{83E3A40A-72F0-45BE-9EAC-67410F49CD85}.Debug|Any CPU.Build.0 = Debug|Any CPU
		{83E3A40A-72F0-45BE-9EAC-67410F49CD85}.Release|Any CPU.ActiveCfg = Release|Any CPU
		{83E3A40A-72F0-45BE-9EAC-67410F49CD85}.Release|Any CPU.Build.0 = Release|Any CPU
		{A0DB37F8-807E-4763-B400-91899173A8F4}.Debug|Any CPU.ActiveCfg = Debug|Any CPU
		{A0DB37F8-807E-4763-B400-91899173A8F4}.Debug|Any CPU.Build.0 = Debug|Any CPU
		{A0DB37F8-807E-4763-B400-91899173A8F4}.Release|Any CPU.ActiveCfg = Release|Any CPU
		{A0DB37F8-807E-4763-B400-91899173A8F4}.Release|Any CPU.Build.0 = Release|Any CPU
		{BBEA6B41-747C-4511-B0C6-152E130176FF}.Debug|Any CPU.ActiveCfg = Debug|Any CPU
		{BBEA6B41-747C-4511-B0C6-152E130176FF}.Debug|Any CPU.Build.0 = Debug|Any CPU
		{BBEA6B41-747C-4511-B0C6-152E130176FF}.Release|Any CPU.ActiveCfg = Release|Any CPU
		{BBEA6B41-747C-4511-B0C6-152E130176FF}.Release|Any CPU.Build.0 = Release|Any CPU
		{2CBE79FD-379E-484D-AA7E-346CAB39DE67}.Debug|Any CPU.ActiveCfg = Debug|Any CPU
		{2CBE79FD-379E-484D-AA7E-346CAB39DE67}.Debug|Any CPU.Build.0 = Debug|Any CPU
		{2CBE79FD-379E-484D-AA7E-346CAB39DE67}.Release|Any CPU.ActiveCfg = Release|Any CPU
		{2CBE79FD-379E-484D-AA7E-346CAB39DE67}.Release|Any CPU.Build.0 = Release|Any CPU
		{325CC3CC-6C22-4464-9841-823F5C0607FA}.Debug|Any CPU.ActiveCfg = Debug|Any CPU
		{325CC3CC-6C22-4464-9841-823F5C0607FA}.Debug|Any CPU.Build.0 = Debug|Any CPU
		{325CC3CC-6C22-4464-9841-823F5C0607FA}.Release|Any CPU.ActiveCfg = Release|Any CPU
		{325CC3CC-6C22-4464-9841-823F5C0607FA}.Release|Any CPU.Build.0 = Release|Any CPU
		{E8B1A2DF-71A7-4BB5-B775-54618D2E9938}.Debug|Any CPU.ActiveCfg = Debug|Any CPU
		{E8B1A2DF-71A7-4BB5-B775-54618D2E9938}.Debug|Any CPU.Build.0 = Debug|Any CPU
		{E8B1A2DF-71A7-4BB5-B775-54618D2E9938}.Release|Any CPU.ActiveCfg = Release|Any CPU
		{E8B1A2DF-71A7-4BB5-B775-54618D2E9938}.Release|Any CPU.Build.0 = Release|Any CPU
		{571F0E68-0CA7-42B2-BF30-D0F0558CD5CA}.Debug|Any CPU.ActiveCfg = Debug|Any CPU
		{571F0E68-0CA7-42B2-BF30-D0F0558CD5CA}.Debug|Any CPU.Build.0 = Debug|Any CPU
		{571F0E68-0CA7-42B2-BF30-D0F0558CD5CA}.Release|Any CPU.ActiveCfg = Release|Any CPU
		{571F0E68-0CA7-42B2-BF30-D0F0558CD5CA}.Release|Any CPU.Build.0 = Release|Any CPU
		{BAB5FB02-0E50-4333-8E1F-FF196FC7E876}.Debug|Any CPU.ActiveCfg = Debug|Any CPU
		{BAB5FB02-0E50-4333-8E1F-FF196FC7E876}.Debug|Any CPU.Build.0 = Debug|Any CPU
		{BAB5FB02-0E50-4333-8E1F-FF196FC7E876}.Release|Any CPU.ActiveCfg = Release|Any CPU
		{BAB5FB02-0E50-4333-8E1F-FF196FC7E876}.Release|Any CPU.Build.0 = Release|Any CPU
		{444855D7-6AF3-4A8A-91D2-5AAA038FABF0}.Debug|Any CPU.ActiveCfg = Debug|Any CPU
		{444855D7-6AF3-4A8A-91D2-5AAA038FABF0}.Debug|Any CPU.Build.0 = Debug|Any CPU
		{444855D7-6AF3-4A8A-91D2-5AAA038FABF0}.Release|Any CPU.ActiveCfg = Release|Any CPU
		{444855D7-6AF3-4A8A-91D2-5AAA038FABF0}.Release|Any CPU.Build.0 = Release|Any CPU
		{28A70221-D5DE-42CF-8AD2-FA793F2D9353}.Debug|Any CPU.ActiveCfg = Debug|Any CPU
		{28A70221-D5DE-42CF-8AD2-FA793F2D9353}.Debug|Any CPU.Build.0 = Debug|Any CPU
		{28A70221-D5DE-42CF-8AD2-FA793F2D9353}.Release|Any CPU.ActiveCfg = Release|Any CPU
		{28A70221-D5DE-42CF-8AD2-FA793F2D9353}.Release|Any CPU.Build.0 = Release|Any CPU
		{A8F1C79C-A6A3-4258-83B9-811F0A2E2C59}.Debug|Any CPU.ActiveCfg = Debug|Any CPU
		{A8F1C79C-A6A3-4258-83B9-811F0A2E2C59}.Debug|Any CPU.Build.0 = Debug|Any CPU
		{A8F1C79C-A6A3-4258-83B9-811F0A2E2C59}.Release|Any CPU.ActiveCfg = Release|Any CPU
		{A8F1C79C-A6A3-4258-83B9-811F0A2E2C59}.Release|Any CPU.Build.0 = Release|Any CPU
		{1926B4CE-FF4F-4C43-B4D8-BF78836E1ED9}.Debug|Any CPU.ActiveCfg = Debug|Any CPU
		{1926B4CE-FF4F-4C43-B4D8-BF78836E1ED9}.Debug|Any CPU.Build.0 = Debug|Any CPU
		{1926B4CE-FF4F-4C43-B4D8-BF78836E1ED9}.Release|Any CPU.ActiveCfg = Release|Any CPU
		{1926B4CE-FF4F-4C43-B4D8-BF78836E1ED9}.Release|Any CPU.Build.0 = Release|Any CPU
		{8A8AF257-5512-4DCA-824D-6502774DE1BF}.Debug|Any CPU.ActiveCfg = Debug|Any CPU
		{8A8AF257-5512-4DCA-824D-6502774DE1BF}.Debug|Any CPU.Build.0 = Debug|Any CPU
		{8A8AF257-5512-4DCA-824D-6502774DE1BF}.Release|Any CPU.ActiveCfg = Release|Any CPU
		{8A8AF257-5512-4DCA-824D-6502774DE1BF}.Release|Any CPU.Build.0 = Release|Any CPU
	EndGlobalSection
	GlobalSection(NestedProjects) = preSolution
		{2CBE79FD-379E-484D-AA7E-346CAB39DE67} = {DC150107-920E-45B7-A2B0-39D42C831090}
		{E8B1A2DF-71A7-4BB5-B775-54618D2E9938} = {DC150107-920E-45B7-A2B0-39D42C831090}
		{571F0E68-0CA7-42B2-BF30-D0F0558CD5CA} = {DC150107-920E-45B7-A2B0-39D42C831090}
		{83E3A40A-72F0-45BE-9EAC-67410F49CD85} = {AE29AE47-0397-4F0C-9AD5-EF1177A0D06A}
		{325CC3CC-6C22-4464-9841-823F5C0607FA} = {DC150107-920E-45B7-A2B0-39D42C831090}
		{BAB5FB02-0E50-4333-8E1F-FF196FC7E876} = {DC150107-920E-45B7-A2B0-39D42C831090}
		{28A70221-D5DE-42CF-8AD2-FA793F2D9353} = {DC150107-920E-45B7-A2B0-39D42C831090}
		{1926B4CE-FF4F-4C43-B4D8-BF78836E1ED9} = {DC150107-920E-45B7-A2B0-39D42C831090}
	EndGlobalSection
EndGlobal
