
Microsoft Visual Studio Solution File, Format Version 12.00
Project("{FAE04EC0-301F-11D3-BF4B-00C04F79EFBC}") = "Mqtt.Service", "Mqtt.Service\Mqtt.Service.csproj", "{7A5D1E83-462C-4C2D-A08B-81C74E0C3F4E}"
EndProject
Project("{2150E333-8FDC-42A3-9474-1A3956D46DE8}") = "Driven", "Driven", "{66BB2579-B0B3-4AE3-9D1A-22465794295B}"
EndProject
Project("{2150E333-8FDC-42A3-9474-1A3956D46DE8}") = "Driving", "Driving", "{42965234-B036-4C00-8681-A07F3A24015B}"
EndProject
Project("{FAE04EC0-301F-11D3-BF4B-00C04F79EFBC}") = "Mqtt.Domain", "Mqtt.Domain\Mqtt.Domain.csproj", "{4CA03EF4-99E9-4B3E-B461-723A196CEDCA}"
EndProject
Project("{FAE04EC0-301F-11D3-BF4B-00C04F79EFBC}") = "Mqtt.Persistence", "Mqtt.Persistence\Mqtt.Persistence.csproj", "{E64385B1-9000-4C07-B79D-E7E88CAC9FF5}"
EndProject
Project("{FAE04EC0-301F-11D3-BF4B-00C04F79EFBC}") = "Mqtt.Measurement.Adapter", "Mqtt.Measurement.Adapter\Mqtt.Measurement.Adapter.csproj", "{F63ABA51-CA64-4E5A-8BDB-BA114814966B}"
EndProject
Project("{FAE04EC0-301F-11D3-BF4B-00C04F79EFBC}") = "Mqtt.Repository", "Mqtt.Repository\Mqtt.Repository.csproj", "{24A0BA6F-5C07-47D1-AF7D-F8CDAE3C8CB2}"
EndProject
Project("{FAE04EC0-301F-11D3-BF4B-00C04F79EFBC}") = "Mqtt.Shared", "Mqtt.Shared\Mqtt.Shared.csproj", "{CCD5BBA9-2724-4DB7-B5C8-596345702647}"
EndProject
Project("{FAE04EC0-301F-11D3-BF4B-00C04F79EFBC}") = "Mqtt.Measurement.Service", "Mqtt.Measurement.Service\Mqtt.Measurement.Service.csproj", "{486B8041-26C5-4B4B-A31F-095D75196A26}"
EndProject
Project("{FAE04EC0-301F-11D3-BF4B-00C04F79EFBC}") = "Dude.Shared", "Dude.Shared\Dude.Shared.csproj", "{13B5E79F-AA77-43D0-9813-A893C5DCDDA3}"
EndProject
Global
	GlobalSection(SolutionConfigurationPlatforms) = preSolution
		Debug|Any CPU = Debug|Any CPU
		Release|Any CPU = Release|Any CPU
	EndGlobalSection
	GlobalSection(ProjectConfigurationPlatforms) = postSolution
		{7A5D1E83-462C-4C2D-A08B-81C74E0C3F4E}.Debug|Any CPU.ActiveCfg = Debug|Any CPU
		{7A5D1E83-462C-4C2D-A08B-81C74E0C3F4E}.Debug|Any CPU.Build.0 = Debug|Any CPU
		{7A5D1E83-462C-4C2D-A08B-81C74E0C3F4E}.Release|Any CPU.ActiveCfg = Release|Any CPU
		{7A5D1E83-462C-4C2D-A08B-81C74E0C3F4E}.Release|Any CPU.Build.0 = Release|Any CPU
		{4CA03EF4-99E9-4B3E-B461-723A196CEDCA}.Debug|Any CPU.ActiveCfg = Debug|Any CPU
		{4CA03EF4-99E9-4B3E-B461-723A196CEDCA}.Debug|Any CPU.Build.0 = Debug|Any CPU
		{4CA03EF4-99E9-4B3E-B461-723A196CEDCA}.Release|Any CPU.ActiveCfg = Release|Any CPU
		{4CA03EF4-99E9-4B3E-B461-723A196CEDCA}.Release|Any CPU.Build.0 = Release|Any CPU
		{E64385B1-9000-4C07-B79D-E7E88CAC9FF5}.Debug|Any CPU.ActiveCfg = Debug|Any CPU
		{E64385B1-9000-4C07-B79D-E7E88CAC9FF5}.Debug|Any CPU.Build.0 = Debug|Any CPU
		{E64385B1-9000-4C07-B79D-E7E88CAC9FF5}.Release|Any CPU.ActiveCfg = Release|Any CPU
		{E64385B1-9000-4C07-B79D-E7E88CAC9FF5}.Release|Any CPU.Build.0 = Release|Any CPU
		{F63ABA51-CA64-4E5A-8BDB-BA114814966B}.Debug|Any CPU.ActiveCfg = Debug|Any CPU
		{F63ABA51-CA64-4E5A-8BDB-BA114814966B}.Debug|Any CPU.Build.0 = Debug|Any CPU
		{F63ABA51-CA64-4E5A-8BDB-BA114814966B}.Release|Any CPU.ActiveCfg = Release|Any CPU
		{F63ABA51-CA64-4E5A-8BDB-BA114814966B}.Release|Any CPU.Build.0 = Release|Any CPU
		{24A0BA6F-5C07-47D1-AF7D-F8CDAE3C8CB2}.Debug|Any CPU.ActiveCfg = Debug|Any CPU
		{24A0BA6F-5C07-47D1-AF7D-F8CDAE3C8CB2}.Debug|Any CPU.Build.0 = Debug|Any CPU
		{24A0BA6F-5C07-47D1-AF7D-F8CDAE3C8CB2}.Release|Any CPU.ActiveCfg = Release|Any CPU
		{24A0BA6F-5C07-47D1-AF7D-F8CDAE3C8CB2}.Release|Any CPU.Build.0 = Release|Any CPU
		{CCD5BBA9-2724-4DB7-B5C8-596345702647}.Debug|Any CPU.ActiveCfg = Debug|Any CPU
		{CCD5BBA9-2724-4DB7-B5C8-596345702647}.Debug|Any CPU.Build.0 = Debug|Any CPU
		{CCD5BBA9-2724-4DB7-B5C8-596345702647}.Release|Any CPU.ActiveCfg = Release|Any CPU
		{CCD5BBA9-2724-4DB7-B5C8-596345702647}.Release|Any CPU.Build.0 = Release|Any CPU
		{486B8041-26C5-4B4B-A31F-095D75196A26}.Debug|Any CPU.ActiveCfg = Debug|Any CPU
		{486B8041-26C5-4B4B-A31F-095D75196A26}.Debug|Any CPU.Build.0 = Debug|Any CPU
		{486B8041-26C5-4B4B-A31F-095D75196A26}.Release|Any CPU.ActiveCfg = Release|Any CPU
		{486B8041-26C5-4B4B-A31F-095D75196A26}.Release|Any CPU.Build.0 = Release|Any CPU
		{13B5E79F-AA77-43D0-9813-A893C5DCDDA3}.Debug|Any CPU.ActiveCfg = Debug|Any CPU
		{13B5E79F-AA77-43D0-9813-A893C5DCDDA3}.Debug|Any CPU.Build.0 = Debug|Any CPU
		{13B5E79F-AA77-43D0-9813-A893C5DCDDA3}.Release|Any CPU.ActiveCfg = Release|Any CPU
		{13B5E79F-AA77-43D0-9813-A893C5DCDDA3}.Release|Any CPU.Build.0 = Release|Any CPU
	EndGlobalSection
	GlobalSection(NestedProjects) = preSolution
		{7A5D1E83-462C-4C2D-A08B-81C74E0C3F4E} = {42965234-B036-4C00-8681-A07F3A24015B}
		{F63ABA51-CA64-4E5A-8BDB-BA114814966B} = {66BB2579-B0B3-4AE3-9D1A-22465794295B}
		{486B8041-26C5-4B4B-A31F-095D75196A26} = {66BB2579-B0B3-4AE3-9D1A-22465794295B}
		{E64385B1-9000-4C07-B79D-E7E88CAC9FF5} = {66BB2579-B0B3-4AE3-9D1A-22465794295B}
	EndGlobalSection
EndGlobal
